
Microsoft Visual Studio Solution File, Format Version 12.00
# Visual Studio Version 17
VisualStudioVersion = 17.11.35208.52
MinimumVisualStudioVersion = 10.0.40219.1
Project("{FAE04EC0-301F-11D3-BF4B-00C04F79EFBC}") = "ExpenseAppAPI", "ExpenseAppAPI\ExpenseAppAPI.csproj", "{B2666442-0AF2-4826-8EF4-E463F63BE1A9}"
EndProject
Global
	GlobalSection(SolutionConfigurationPlatforms) = preSolution
		Debug|Any CPU = Debug|Any CPU
		Release|Any CPU = Release|Any CPU
	EndGlobalSection
	GlobalSection(ProjectConfigurationPlatforms) = postSolution
		{B2666442-0AF2-4826-8EF4-E463F63BE1A9}.Debug|Any CPU.ActiveCfg = Debug|Any CPU
		{B2666442-0AF2-4826-8EF4-E463F63BE1A9}.Debug|Any CPU.Build.0 = Debug|Any CPU
		{B2666442-0AF2-4826-8EF4-E463F63BE1A9}.Release|Any CPU.ActiveCfg = Release|Any CPU
		{B2666442-0AF2-4826-8EF4-E463F63BE1A9}.Release|Any CPU.Build.0 = Release|Any CPU
	EndGlobalSection
	GlobalSection(SolutionProperties) = preSolution
		HideSolutionNode = FALSE
	EndGlobalSection
	GlobalSection(ExtensibilityGlobals) = postSolution
		SolutionGuid = {1862FFC5-E743-4B8A-88CB-803C90FD3D46}
	EndGlobalSection
EndGlobal
